
Microsoft Visual Studio Solution File, Format Version 12.00
# Visual Studio 15
VisualStudioVersion = 15.0.27130.2027
MinimumVisualStudioVersion = 10.0.40219.1
Project("{FAE04EC0-301F-11D3-BF4B-00C04F79EFBC}") = "SearchAlgorithms", "SearchAlgorithms\SearchAlgorithms.csproj", "{2398A3B2-EB27-48F9-B57B-B944070DDF9E}"
EndProject
Global
	GlobalSection(SolutionConfigurationPlatforms) = preSolution
		Debug|Any CPU = Debug|Any CPU
		Release|Any CPU = Release|Any CPU
	EndGlobalSection
	GlobalSection(ProjectConfigurationPlatforms) = postSolution
		{2398A3B2-EB27-48F9-B57B-B944070DDF9E}.Debug|Any CPU.ActiveCfg = Debug|Any CPU
		{2398A3B2-EB27-48F9-B57B-B944070DDF9E}.Debug|Any CPU.Build.0 = Debug|Any CPU
		{2398A3B2-EB27-48F9-B57B-B944070DDF9E}.Release|Any CPU.ActiveCfg = Release|Any CPU
		{2398A3B2-EB27-48F9-B57B-B944070DDF9E}.Release|Any CPU.Build.0 = Release|Any CPU
	EndGlobalSection
	GlobalSection(SolutionProperties) = preSolution
		HideSolutionNode = FALSE
	EndGlobalSection
	GlobalSection(ExtensibilityGlobals) = postSolution
		SolutionGuid = {56B9A393-1504-4F16-9311-44BD4FB1C9E1}
	EndGlobalSection
EndGlobal
